{
  "nodes": {
    "nixpkgs": {
      "locked": {
        "lastModified": 1765838191,
        "narHash": "sha256-m5KWt1nOm76ILk/JSCxBM4MfK3rYY7Wq9/TZIIeGnT8=",
        "rev": "c6f52ebd45e5925c188d1a20119978aa4ffd5ef6",
        "revCount": 903775,
        "type": "tarball",
        "url": "https://api.flakehub.com/f/pinned/NixOS/nixpkgs/0.2511.903775%2Brev-c6f52ebd45e5925c188d1a20119978aa4ffd5ef6/019b2d67-1e0c-7882-89c2-3b456e18a61b/source.tar.gz"
      },
      "original": {
        "type": "tarball",
        "url": "https://flakehub.com/f/NixOS/nixpkgs/0"
      }
    },
    "root": {
      "inputs": {
        "nixpkgs": "nixpkgs"
      }
    }
  },
  "root": "root",
  "version": 7
}
