{
  "nodes": {
    "nixpkgs": {
      "locked": {
        "lastModified": 1764831616,
        "narHash": "sha256-OtzF5wBvO0jgW1WW1rQU9cMGx7zuvkF7CAVJ1ypzkxA=",
        "rev": "c97c47f2bac4fa59e2cbdeba289686ae615f8ed4",
        "revCount": 902768,
        "type": "tarball",
        "url": "https://api.flakehub.com/f/pinned/NixOS/nixpkgs/0.2511.902768%2Brev-c97c47f2bac4fa59e2cbdeba289686ae615f8ed4/019aef98-7ff2-7971-9ea0-85da2fc377c2/source.tar.gz"
      },
      "original": {
        "type": "tarball",
        "url": "https://flakehub.com/f/NixOS/nixpkgs/0"
      }
    },
    "root": {
      "inputs": {
        "nixpkgs": "nixpkgs"
      }
    }
  },
  "root": "root",
  "version": 7
}
