{
  "nodes": {
    "fenix": {
      "inputs": {
        "nixpkgs": [
          "nixpkgs"
        ],
        "rust-analyzer-src": "rust-analyzer-src"
      },
      "locked": {
        "lastModified": 1764571808,
        "narHash": "sha256-+oo9W5rz03TjfpNqDSLEQwgKiuBbjrHdORyTHli2RuM=",
        "rev": "df3c2e78ec13418f85c1f26e77a50f865ec57d38",
        "revCount": 2471,
        "type": "tarball",
        "url": "https://api.flakehub.com/f/pinned/nix-community/fenix/0.1.2471%2Brev-df3c2e78ec13418f85c1f26e77a50f865ec57d38/019ad905-65fc-7ba6-8d92-a0b2cf1c6ea6/source.tar.gz"
      },
      "original": {
        "type": "tarball",
        "url": "https://flakehub.com/f/nix-community/fenix/0.1"
      }
    },
    "nixpkgs": {
      "locked": {
        "lastModified": 1764667669,
        "narHash": "sha256-7WUCZfmqLAssbDqwg9cUDAXrSoXN79eEEq17qhTNM/Y=",
        "rev": "418468ac9527e799809c900eda37cbff999199b6",
        "revCount": 905402,
        "type": "tarball",
        "url": "https://api.flakehub.com/f/pinned/NixOS/nixpkgs/0.1.905402%2Brev-418468ac9527e799809c900eda37cbff999199b6/019ae5d7-2ce4-7dbb-90bd-21ec6e69adb4/source.tar.gz"
      },
      "original": {
        "type": "tarball",
        "url": "https://flakehub.com/f/NixOS/nixpkgs/0.1"
      }
    },
    "root": {
      "inputs": {
        "fenix": "fenix",
        "nixpkgs": "nixpkgs"
      }
    },
    "rust-analyzer-src": {
      "flake": false,
      "locked": {
        "lastModified": 1764525349,
        "narHash": "sha256-vR3vU9AwzMsBvjNeeG2inA5W/2MwseFk5NIIrLFEMHk=",
        "owner": "rust-lang",
        "repo": "rust-analyzer",
        "rev": "d646b23f000d099d845f999c2c1e05b15d9cdc78",
        "type": "github"
      },
      "original": {
        "owner": "rust-lang",
        "ref": "nightly",
        "repo": "rust-analyzer",
        "type": "github"
      }
    }
  },
  "root": "root",
  "version": 7
}
